
Microsoft Visual Studio Solution File, Format Version 12.00
# Visual Studio Version 16
VisualStudioVersion = 16.0.29609.76
MinimumVisualStudioVersion = 10.0.40219.1
Project("{FAE04EC0-301F-11D3-BF4B-00C04F79EFBC}") = "TicTacToe", "TicTacToe\TicTacToe.csproj", "{563DF909-55DC-4348-8B5C-7706A751FBBE}"
EndProject
Global
	GlobalSection(SolutionConfigurationPlatforms) = preSolution
		Debug|Any CPU = Debug|Any CPU
		Release|Any CPU = Release|Any CPU
	EndGlobalSection
	GlobalSection(ProjectConfigurationPlatforms) = postSolution
		{563DF909-55DC-4348-8B5C-7706A751FBBE}.Debug|Any CPU.ActiveCfg = Debug|Any CPU
		{563DF909-55DC-4348-8B5C-7706A751FBBE}.Debug|Any CPU.Build.0 = Debug|Any CPU
		{563DF909-55DC-4348-8B5C-7706A751FBBE}.Release|Any CPU.ActiveCfg = Release|Any CPU
		{563DF909-55DC-4348-8B5C-7706A751FBBE}.Release|Any CPU.Build.0 = Release|Any CPU
	EndGlobalSection
	GlobalSection(SolutionProperties) = preSolution
		HideSolutionNode = FALSE
	EndGlobalSection
	GlobalSection(ExtensibilityGlobals) = postSolution
		SolutionGuid = {BDFFF786-EE25-4746-88B8-B72D183F44CC}
	EndGlobalSection
EndGlobal
